<Solution>
  <Folder Name="/src/">
    <Project Path="src/CustomerService/CustomerService.csproj" />
  </Folder>
  <Folder Name="/tests/">
    <Project Path="tests/CustomerService.UnitTests/CustomerService.UnitTests.csproj" />
    <Project Path="tests/CustomerService.IntegrationTests/CustomerService.IntegrationTests.csproj" />
  </Folder>
</Solution>
